
Microsoft Visual Studio Solution File, Format Version 12.00
# Visual Studio 15
VisualStudioVersion = 15.0.27703.2026
MinimumVisualStudioVersion = 10.0.40219.1
Project("{FAE04EC0-301F-11D3-BF4B-00C04F79EFBC}") = "dadi_astratta", "dadi_astratta\dadi_astratta.csproj", "{D441387E-54F6-4359-9DFE-C5458266ECA0}"
EndProject
Global
	GlobalSection(SolutionConfigurationPlatforms) = preSolution
		Debug|Any CPU = Debug|Any CPU
		Release|Any CPU = Release|Any CPU
	EndGlobalSection
	GlobalSection(ProjectConfigurationPlatforms) = postSolution
		{D441387E-54F6-4359-9DFE-C5458266ECA0}.Debug|Any CPU.ActiveCfg = Debug|Any CPU
		{D441387E-54F6-4359-9DFE-C5458266ECA0}.Debug|Any CPU.Build.0 = Debug|Any CPU
		{D441387E-54F6-4359-9DFE-C5458266ECA0}.Release|Any CPU.ActiveCfg = Release|Any CPU
		{D441387E-54F6-4359-9DFE-C5458266ECA0}.Release|Any CPU.Build.0 = Release|Any CPU
	EndGlobalSection
	GlobalSection(SolutionProperties) = preSolution
		HideSolutionNode = FALSE
	EndGlobalSection
	GlobalSection(ExtensibilityGlobals) = postSolution
		SolutionGuid = {9207C3D4-7006-4D58-8A4C-C0679ED1A50B}
	EndGlobalSection
EndGlobal
