
Microsoft Visual Studio Solution File, Format Version 12.00
# Visual Studio 15
VisualStudioVersion = 15.0.26730.10
MinimumVisualStudioVersion = 10.0.40219.1
Project("{FAE04EC0-301F-11D3-BF4B-00C04F79EFBC}") = "Esempio03", "Esempio03\Esempio03.csproj", "{3C79791F-0E97-4A3D-A812-614417D8F9DF}"
EndProject
Global
	GlobalSection(SolutionConfigurationPlatforms) = preSolution
		Debug|Any CPU = Debug|Any CPU
		Release|Any CPU = Release|Any CPU
	EndGlobalSection
	GlobalSection(ProjectConfigurationPlatforms) = postSolution
		{3C79791F-0E97-4A3D-A812-614417D8F9DF}.Debug|Any CPU.ActiveCfg = Debug|Any CPU
		{3C79791F-0E97-4A3D-A812-614417D8F9DF}.Debug|Any CPU.Build.0 = Debug|Any CPU
		{3C79791F-0E97-4A3D-A812-614417D8F9DF}.Release|Any CPU.ActiveCfg = Release|Any CPU
		{3C79791F-0E97-4A3D-A812-614417D8F9DF}.Release|Any CPU.Build.0 = Release|Any CPU
	EndGlobalSection
	GlobalSection(SolutionProperties) = preSolution
		HideSolutionNode = FALSE
	EndGlobalSection
	GlobalSection(ExtensibilityGlobals) = postSolution
		SolutionGuid = {752577CC-6054-42B1-B89A-CA2A9BEF09A5}
	EndGlobalSection
EndGlobal
