
Microsoft Visual Studio Solution File, Format Version 12.00
# Visual Studio 15
VisualStudioVersion = 15.0.27703.2026
MinimumVisualStudioVersion = 10.0.40219.1
Project("{FAE04EC0-301F-11D3-BF4B-00C04F79EFBC}") = "piano_cartesiano", "piano_cartesiano\piano_cartesiano.csproj", "{51CE98DC-44F9-4A34-89EC-0D13B1E9A70B}"
EndProject
Global
	GlobalSection(SolutionConfigurationPlatforms) = preSolution
		Debug|Any CPU = Debug|Any CPU
		Release|Any CPU = Release|Any CPU
	EndGlobalSection
	GlobalSection(ProjectConfigurationPlatforms) = postSolution
		{51CE98DC-44F9-4A34-89EC-0D13B1E9A70B}.Debug|Any CPU.ActiveCfg = Debug|Any CPU
		{51CE98DC-44F9-4A34-89EC-0D13B1E9A70B}.Debug|Any CPU.Build.0 = Debug|Any CPU
		{51CE98DC-44F9-4A34-89EC-0D13B1E9A70B}.Release|Any CPU.ActiveCfg = Release|Any CPU
		{51CE98DC-44F9-4A34-89EC-0D13B1E9A70B}.Release|Any CPU.Build.0 = Release|Any CPU
	EndGlobalSection
	GlobalSection(SolutionProperties) = preSolution
		HideSolutionNode = FALSE
	EndGlobalSection
	GlobalSection(ExtensibilityGlobals) = postSolution
		SolutionGuid = {BE7C9DE4-4602-454F-9CB4-8B65DCF25A11}
	EndGlobalSection
EndGlobal
