
Microsoft Visual Studio Solution File, Format Version 12.00
# Visual Studio 15
VisualStudioVersion = 15.0.27703.2026
MinimumVisualStudioVersion = 10.0.40219.1
Project("{FAE04EC0-301F-11D3-BF4B-00C04F79EFBC}") = "dice_and_coins", "dice_and_coins\dice_and_coins.csproj", "{FD1FCA8E-AE2F-4A6A-A725-59612BB16D0B}"
EndProject
Global
	GlobalSection(SolutionConfigurationPlatforms) = preSolution
		Debug|Any CPU = Debug|Any CPU
		Release|Any CPU = Release|Any CPU
	EndGlobalSection
	GlobalSection(ProjectConfigurationPlatforms) = postSolution
		{FD1FCA8E-AE2F-4A6A-A725-59612BB16D0B}.Debug|Any CPU.ActiveCfg = Debug|Any CPU
		{FD1FCA8E-AE2F-4A6A-A725-59612BB16D0B}.Debug|Any CPU.Build.0 = Debug|Any CPU
		{FD1FCA8E-AE2F-4A6A-A725-59612BB16D0B}.Release|Any CPU.ActiveCfg = Release|Any CPU
		{FD1FCA8E-AE2F-4A6A-A725-59612BB16D0B}.Release|Any CPU.Build.0 = Release|Any CPU
	EndGlobalSection
	GlobalSection(SolutionProperties) = preSolution
		HideSolutionNode = FALSE
	EndGlobalSection
	GlobalSection(ExtensibilityGlobals) = postSolution
		SolutionGuid = {FB4DD870-2146-4954-B0C9-3B1E0A815A8F}
	EndGlobalSection
EndGlobal
