
Microsoft Visual Studio Solution File, Format Version 12.00
# Visual Studio 15
VisualStudioVersion = 15.0.27703.2026
MinimumVisualStudioVersion = 10.0.40219.1
Project("{FAE04EC0-301F-11D3-BF4B-00C04F79EFBC}") = "MatriceQuadrata", "MatriceQuadrata\MatriceQuadrata.csproj", "{BCFE951A-895D-41A5-9850-04F2CA28AFC0}"
EndProject
Global
	GlobalSection(SolutionConfigurationPlatforms) = preSolution
		Debug|Any CPU = Debug|Any CPU
		Release|Any CPU = Release|Any CPU
	EndGlobalSection
	GlobalSection(ProjectConfigurationPlatforms) = postSolution
		{BCFE951A-895D-41A5-9850-04F2CA28AFC0}.Debug|Any CPU.ActiveCfg = Debug|Any CPU
		{BCFE951A-895D-41A5-9850-04F2CA28AFC0}.Debug|Any CPU.Build.0 = Debug|Any CPU
		{BCFE951A-895D-41A5-9850-04F2CA28AFC0}.Release|Any CPU.ActiveCfg = Release|Any CPU
		{BCFE951A-895D-41A5-9850-04F2CA28AFC0}.Release|Any CPU.Build.0 = Release|Any CPU
	EndGlobalSection
	GlobalSection(SolutionProperties) = preSolution
		HideSolutionNode = FALSE
	EndGlobalSection
	GlobalSection(ExtensibilityGlobals) = postSolution
		SolutionGuid = {061690B1-91FB-464F-ACA5-CE4D090E1399}
	EndGlobalSection
EndGlobal
