
Microsoft Visual Studio Solution File, Format Version 12.00
# Visual Studio 15
VisualStudioVersion = 15.0.27703.2026
MinimumVisualStudioVersion = 10.0.40219.1
Project("{FAE04EC0-301F-11D3-BF4B-00C04F79EFBC}") = "AlbergoEntityFramework", "AlbergoEntityFramework\AlbergoEntityFramework.csproj", "{661B1C00-A53D-4B97-A835-3F9FF079AD90}"
EndProject
Global
	GlobalSection(SolutionConfigurationPlatforms) = preSolution
		Debug|Any CPU = Debug|Any CPU
		Release|Any CPU = Release|Any CPU
	EndGlobalSection
	GlobalSection(ProjectConfigurationPlatforms) = postSolution
		{661B1C00-A53D-4B97-A835-3F9FF079AD90}.Debug|Any CPU.ActiveCfg = Debug|Any CPU
		{661B1C00-A53D-4B97-A835-3F9FF079AD90}.Debug|Any CPU.Build.0 = Debug|Any CPU
		{661B1C00-A53D-4B97-A835-3F9FF079AD90}.Release|Any CPU.ActiveCfg = Release|Any CPU
		{661B1C00-A53D-4B97-A835-3F9FF079AD90}.Release|Any CPU.Build.0 = Release|Any CPU
	EndGlobalSection
	GlobalSection(SolutionProperties) = preSolution
		HideSolutionNode = FALSE
	EndGlobalSection
	GlobalSection(ExtensibilityGlobals) = postSolution
		SolutionGuid = {260C1204-D8C2-4AED-A026-E38EB2A1762A}
	EndGlobalSection
EndGlobal
