
Microsoft Visual Studio Solution File, Format Version 12.00
# Visual Studio 15
VisualStudioVersion = 15.0.27703.2026
MinimumVisualStudioVersion = 10.0.40219.1
Project("{FAE04EC0-301F-11D3-BF4B-00C04F79EFBC}") = "dadi_e_monete", "dadi_e_monete\dadi_e_monete.csproj", "{A6345F0A-A412-4AE7-9543-479904BEBAC3}"
EndProject
Global
	GlobalSection(SolutionConfigurationPlatforms) = preSolution
		Debug|Any CPU = Debug|Any CPU
		Release|Any CPU = Release|Any CPU
	EndGlobalSection
	GlobalSection(ProjectConfigurationPlatforms) = postSolution
		{A6345F0A-A412-4AE7-9543-479904BEBAC3}.Debug|Any CPU.ActiveCfg = Debug|Any CPU
		{A6345F0A-A412-4AE7-9543-479904BEBAC3}.Debug|Any CPU.Build.0 = Debug|Any CPU
		{A6345F0A-A412-4AE7-9543-479904BEBAC3}.Release|Any CPU.ActiveCfg = Release|Any CPU
		{A6345F0A-A412-4AE7-9543-479904BEBAC3}.Release|Any CPU.Build.0 = Release|Any CPU
	EndGlobalSection
	GlobalSection(SolutionProperties) = preSolution
		HideSolutionNode = FALSE
	EndGlobalSection
	GlobalSection(ExtensibilityGlobals) = postSolution
		SolutionGuid = {D4F13FDD-05D0-4F7B-A773-D043679941BE}
	EndGlobalSection
EndGlobal
