
Microsoft Visual Studio Solution File, Format Version 12.00
# Visual Studio 15
VisualStudioVersion = 15.0.27703.2026
MinimumVisualStudioVersion = 10.0.40219.1
Project("{FAE04EC0-301F-11D3-BF4B-00C04F79EFBC}") = "esercizio1Lez20", "esercizio1Lez20\esercizio1Lez20.csproj", "{8FBE48BE-726F-43E3-8838-BBB27DA76337}"
EndProject
Global
	GlobalSection(SolutionConfigurationPlatforms) = preSolution
		Debug|Any CPU = Debug|Any CPU
		Release|Any CPU = Release|Any CPU
	EndGlobalSection
	GlobalSection(ProjectConfigurationPlatforms) = postSolution
		{8FBE48BE-726F-43E3-8838-BBB27DA76337}.Debug|Any CPU.ActiveCfg = Debug|Any CPU
		{8FBE48BE-726F-43E3-8838-BBB27DA76337}.Debug|Any CPU.Build.0 = Debug|Any CPU
		{8FBE48BE-726F-43E3-8838-BBB27DA76337}.Release|Any CPU.ActiveCfg = Release|Any CPU
		{8FBE48BE-726F-43E3-8838-BBB27DA76337}.Release|Any CPU.Build.0 = Release|Any CPU
	EndGlobalSection
	GlobalSection(SolutionProperties) = preSolution
		HideSolutionNode = FALSE
	EndGlobalSection
	GlobalSection(ExtensibilityGlobals) = postSolution
		SolutionGuid = {C72DBCBD-AD72-40A5-8559-8BB2F8821563}
	EndGlobalSection
EndGlobal
